// !$*UTF8*$!
{
	archiveVersion = 1;
	classes = {
	};
	objectVersion = 46;
	objects = {

/* Begin PBXBuildFile section */
		344CCCAB1B5F571900E7168E /* AppDelegate.swift in Sources */ = {isa = PBXBuildFile; fileRef = 344CCCAA1B5F571900E7168E /* AppDelegate.swift */; };
		344CCCAD1B5F571900E7168E /* ViewController.swift in Sources */ = {isa = PBXBuildFile; fileRef = 344CCCAC1B5F571900E7168E /* ViewController.swift */; };
		344CCCB01B5F571900E7168E /* Main.storyboard in Resources */ = {isa = PBXBuildFile; fileRef = 344CCCAE1B5F571900E7168E /* Main.storyboard */; };
		344CCCB21B5F571900E7168E /* Images.xcassets in Resources */ = {isa = PBXBuildFile; fileRef = 344CCCB11B5F571900E7168E /* Images.xcassets */; };
		344CCCB51B5F571900E7168E /* LaunchScreen.xib in Resources */ = {isa = PBXBuildFile; fileRef = 344CCCB31B5F571900E7168E /* LaunchScreen.xib */; };
		344CCCC11B5F571900E7168E /* PlaygroundsTests.swift in Sources */ = {isa = PBXBuildFile; fileRef = 344CCCC01B5F571900E7168E /* PlaygroundsTests.swift */; };
/* End PBXBuildFile section */

/* Begin PBXContainerItemProxy section */
		344CCCBB1B5F571900E7168E /* PBXContainerItemProxy */ = {
			isa = PBXContainerItemProxy;
			containerPortal = 344CCC9D1B5F571900E7168E /* Project object */;
			proxyType = 1;
			remoteGlobalIDString = 344CCCA41B5F571900E7168E;
			remoteInfo = Playgrounds;
		};
/* End PBXContainerItemProxy section */

/* Begin PBXFileReference section */
		344CCCA51B5F571900E7168E /* Playgrounds.app */ = {isa = PBXFileReference; explicitFileType = wrapper.application; includeInIndex = 0; path = Playgrounds.app; sourceTree = BUILT_PRODUCTS_DIR; };
		344CCCA91B5F571900E7168E /* Info.plist */ = {isa = PBXFileReference; lastKnownFileType = text.plist.xml; path = Info.plist; sourceTree = "<group>"; };
		344CCCAA1B5F571900E7168E /* AppDelegate.swift */ = {isa = PBXFileReference; lastKnownFileType = sourcecode.swift; path = AppDelegate.swift; sourceTree = "<group>"; };
		344CCCAC1B5F571900E7168E /* ViewController.swift */ = {isa = PBXFileReference; lastKnownFileType = sourcecode.swift; path = ViewController.swift; sourceTree = "<group>"; };
		344CCCAF1B5F571900E7168E /* Base */ = {isa = PBXFileReference; lastKnownFileType = file.storyboard; name = Base; path = Base.lproj/Main.storyboard; sourceTree = "<group>"; };
		344CCCB11B5F571900E7168E /* Images.xcassets */ = {isa = PBXFileReference; lastKnownFileType = folder.assetcatalog; path = Images.xcassets; sourceTree = "<group>"; };
		344CCCB41B5F571900E7168E /* Base */ = {isa = PBXFileReference; lastKnownFileType = file.xib; name = Base; path = Base.lproj/LaunchScreen.xib; sourceTree = "<group>"; };
		344CCCBA1B5F571900E7168E /* PlaygroundsTests.xctest */ = {isa = PBXFileReference; explicitFileType = wrapper.cfbundle; includeInIndex = 0; path = PlaygroundsTests.xctest; sourceTree = BUILT_PRODUCTS_DIR; };
		344CCCBF1B5F571900E7168E /* Info.plist */ = {isa = PBXFileReference; lastKnownFileType = text.plist.xml; path = Info.plist; sourceTree = "<group>"; };
		344CCCC01B5F571900E7168E /* PlaygroundsTests.swift */ = {isa = PBXFileReference; lastKnownFileType = sourcecode.swift; path = PlaygroundsTests.swift; sourceTree = "<group>"; };
/* End PBXFileReference section */

/* Begin PBXFrameworksBuildPhase section */
		344CCCA21B5F571900E7168E /* Frameworks */ = {
			isa = PBXFrameworksBuildPhase;
			buildActionMask = 2147483647;
			files = (
			);
			runOnlyForDeploymentPostprocessing = 0;
		};
		344CCCB71B5F571900E7168E /* Frameworks */ = {
			isa = PBXFrameworksBuildPhase;
			buildActionMask = 2147483647;
			files = (
			);
			runOnlyForDeploymentPostprocessing = 0;
		};
/* End PBXFrameworksBuildPhase section */

/* Begin PBXGroup section */
		344CCC9C1B5F571900E7168E = {
			isa = PBXGroup;
			children = (
				344CCCA71B5F571900E7168E /* Playgrounds */,
				344CCCBD1B5F571900E7168E /* PlaygroundsTests */,
				344CCCA61B5F571900E7168E /* Products */,
			);
			sourceTree = "<group>";
		};
		344CCCA61B5F571900E7168E /* Products */ = {
			isa = PBXGroup;
			children = (
				344CCCA51B5F571900E7168E /* Playgrounds.app */,
				344CCCBA1B5F571900E7168E /* PlaygroundsTests.xctest */,
			);
			name = Products;
			sourceTree = "<group>";
		};
		344CCCA71B5F571900E7168E /* Playgrounds */ = {
			isa = PBXGroup;
			children = (
				344CCCAA1B5F571900E7168E /* AppDelegate.swift */,
				344CCCAC1B5F571900E7168E /* ViewController.swift */,
				344CCCAE1B5F571900E7168E /* Main.storyboard */,
				344CCCB11B5F571900E7168E /* Images.xcassets */,
				344CCCB31B5F571900E7168E /* LaunchScreen.xib */,
				344CCCA81B5F571900E7168E /* Supporting Files */,
			);
			path = Playgrounds;
			sourceTree = "<group>";
		};
		344CCCA81B5F571900E7168E /* Supporting Files */ = {
			isa = PBXGroup;
			children = (
				344CCCA91B5F571900E7168E /* Info.plist */,
			);
			name = "Supporting Files";
			sourceTree = "<group>";
		};
		344CCCBD1B5F571900E7168E /* PlaygroundsTests */ = {
			isa = PBXGroup;
			children = (
				344CCCC01B5F571900E7168E /* PlaygroundsTests.swift */,
				344CCCBE1B5F571900E7168E /* Supporting Files */,
			);
			path = PlaygroundsTests;
			sourceTree = "<group>";
		};
		344CCCBE1B5F571900E7168E /* Supporting Files */ = {
			isa = PBXGroup;
			children = (
				344CCCBF1B5F571900E7168E /* Info.plist */,
			);
			name = "Supporting Files";
			sourceTree = "<group>";
		};
/* End PBXGroup section */

/* Begin PBXNativeTarget section */
		344CCCA41B5F571900E7168E /* Playgrounds */ = {
			isa = PBXNativeTarget;
			buildConfigurationList = 344CCCC41B5F571900E7168E /* Build configuration list for PBXNativeTarget "Playgrounds" */;
			buildPhases = (
				344CCCA11B5F571900E7168E /* Sources */,
				344CCCA21B5F571900E7168E /* Frameworks */,
				344CCCA31B5F571900E7168E /* Resources */,
			);
			buildRules = (
			);
			dependencies = (
			);
			name = Playgrounds;
			productName = Playgrounds;
			productReference = 344CCCA51B5F571900E7168E /* Playgrounds.app */;
			productType = "com.apple.product-type.application";
		};
		344CCCB91B5F571900E7168E /* PlaygroundsTests */ = {
			isa = PBXNativeTarget;
			buildConfigurationList = 344CCCC71B5F571900E7168E /* Build configuration list for PBXNativeTarget "PlaygroundsTests" */;
			buildPhases = (
				344CCCB61B5F571900E7168E /* Sources */,
				344CCCB71B5F571900E7168E /* Frameworks */,
				344CCCB81B5F571900E7168E /* Resources */,
			);
			buildRules = (
			);
			dependencies = (
				344CCCBC1B5F571900E7168E /* PBXTargetDependency */,
			);
			name = PlaygroundsTests;
			productName = PlaygroundsTests;
			productReference = 344CCCBA1B5F571900E7168E /* PlaygroundsTests.xctest */;
			productType = "com.apple.product-type.bundle.unit-test";
		};
/* End PBXNativeTarget section */

/* Begin PBXProject section */
		344CCC9D1B5F571900E7168E /* Project object */ = {
			isa = PBXProject;
			attributes = {
				LastUpgradeCheck = 0610;
				ORGANIZATIONNAME = iPari;
				TargetAttributes = {
					344CCCA41B5F571900E7168E = {
						CreatedOnToolsVersion = 6.1.1;
					};
					344CCCB91B5F571900E7168E = {
						CreatedOnToolsVersion = 6.1.1;
						TestTargetID = 344CCCA41B5F571900E7168E;
					};
				};
			};
			buildConfigurationList = 344CCCA01B5F571900E7168E /* Build configuration list for PBXProject "Playgrounds" */;
			compatibilityVersion = "Xcode 3.2";
			developmentRegion = English;
			hasScannedForEncodings = 0;
			knownRegions = (
				en,
				Base,
			);
			mainGroup = 344CCC9C1B5F571900E7168E;
			productRefGroup = 344CCCA61B5F571900E7168E /* Products */;
			projectDirPath = "";
			projectRoot = "";
			targets = (
				344CCCA41B5F571900E7168E /* Playgrounds */,
				344CCCB91B5F571900E7168E /* PlaygroundsTests */,
			);
		};
/* End PBXProject section */

/* Begin PBXResourcesBuildPhase section */
		344CCCA31B5F571900E7168E /* Resources */ = {
			isa = PBXResourcesBuildPhase;
			buildActionMask = 2147483647;
			files = (
				344CCCB01B5F571900E7168E /* Main.storyboard in Resources */,
				344CCCB51B5F571900E7168E /* LaunchScreen.xib in Resources */,
				344CCCB21B5F571900E7168E /* Images.xcassets in Resources */,
			);
			runOnlyForDeploymentPostprocessing = 0;
		};
		344CCCB81B5F571900E7168E /* Resources */ = {
			isa = PBXResourcesBuildPhase;
			buildActionMask = 2147483647;
			files = (
			);
			runOnlyForDeploymentPostprocessing = 0;
		};
/* End PBXResourcesBuildPhase section */

/* Begin PBXSourcesBuildPhase section */
		344CCCA11B5F571900E7168E /* Sources */ = {
			isa = PBXSourcesBuildPhase;
			buildActionMask = 2147483647;
			files = (
				344CCCAD1B5F571900E7168E /* ViewController.swift in Sources */,
				344CCCAB1B5F571900E7168E /* AppDelegate.swift in Sources */,
			);
			runOnlyForDeploymentPostprocessing = 0;
		};
		344CCCB61B5F571900E7168E /* Sources */ = {
			isa = PBXSourcesBuildPhase;
			buildActionMask = 2147483647;
			files = (
				344CCCC11B5F571900E7168E /* PlaygroundsTests.swift in Sources */,
			);
			runOnlyForDeploymentPostprocessing = 0;
		};
/* End PBXSourcesBuildPhase section */

/* Begin PBXTargetDependency section */
		344CCCBC1B5F571900E7168E /* PBXTargetDependency */ = {
			isa = PBXTargetDependency;
			target = 344CCCA41B5F571900E7168E /* Playgrounds */;
			targetProxy = 344CCCBB1B5F571900E7168E /* PBXContainerItemProxy */;
		};
/* End PBXTargetDependency section */

/* Begin PBXVariantGroup section */
		344CCCAE1B5F571900E7168E /* Main.storyboard */ = {
			isa = PBXVariantGroup;
			children = (
				344CCCAF1B5F571900E7168E /* Base */,
			);
			name = Main.storyboard;
			sourceTree = "<group>";
		};
		344CCCB31B5F571900E7168E /* LaunchScreen.xib */ = {
			isa = PBXVariantGroup;
			children = (
				344CCCB41B5F571900E7168E /* Base */,
			);
			name = LaunchScreen.xib;
			sourceTree = "<group>";
		};
/* End PBXVariantGroup section */

/* Begin XCBuildConfiguration section */
		344CCCC21B5F571900E7168E /* Debug */ = {
			isa = XCBuildConfiguration;
			buildSettings = {
				ALWAYS_SEARCH_USER_PATHS = NO;
				CLANG_CXX_LANGUAGE_STANDARD = "gnu++0x";
				CLANG_CXX_LIBRARY = "libc++";
				CLANG_ENABLE_MODULES = YES;
				CLANG_ENABLE_OBJC_ARC = YES;
				CLANG_WARN_BOOL_CONVERSION = YES;
				CLANG_WARN_CONSTANT_CONVERSION = YES;
				CLANG_WARN_DIRECT_OBJC_ISA_USAGE = YES_ERROR;
				CLANG_WARN_EMPTY_BODY = YES;
				CLANG_WARN_ENUM_CONVERSION = YES;
				CLANG_WARN_INT_CONVERSION = YES;
				CLANG_WARN_OBJC_ROOT_CLASS = YES_ERROR;
				CLANG_WARN_UNREACHABLE_CODE = YES;
				CLANG_WARN__DUPLICATE_METHOD_MATCH = YES;
				"CODE_SIGN_IDENTITY[sdk=iphoneos*]" = "iPhone Developer";
				COPY_PHASE_STRIP = NO;
				ENABLE_STRICT_OBJC_MSGSEND = YES;
				GCC_C_LANGUAGE_STANDARD = gnu99;
				GCC_DYNAMIC_NO_PIC = NO;
				GCC_OPTIMIZATION_LEVEL = 0;
				GCC_PREPROCESSOR_DEFINITIONS = (
					"DEBUG=1",
					"$(inherited)",
				);
				GCC_SYMBOLS_PRIVATE_EXTERN = NO;
				GCC_WARN_64_TO_32_BIT_CONVERSION = YES;
				GCC_WARN_ABOUT_RETURN_TYPE = YES_ERROR;
				GCC_WARN_UNDECLARED_SELECTOR = YES;
				GCC_WARN_UNINITIALIZED_AUTOS = YES_AGGRESSIVE;
				GCC_WARN_UNUSED_FUNCTION = YES;
				GCC_WARN_UNUSED_VARIABLE = YES;
				IPHONEOS_DEPLOYMENT_TARGET = 8.1;
				MTL_ENABLE_DEBUG_INFO = YES;
				ONLY_ACTIVE_ARCH = YES;
				SDKROOT = iphoneos;
				SWIFT_OPTIMIZATION_LEVEL = "-Onone";
			};
			name = Debug;
		};
		344CCCC31B5F571900E7168E /* Release */ = {
			isa = XCBuildConfiguration;
			buildSettings = {
				ALWAYS_SEARCH_USER_PATHS = NO;
				CLANG_CXX_LANGUAGE_STANDARD = "gnu++0x";
				CLANG_CXX_LIBRARY = "libc++";
				CLANG_ENABLE_MODULES = YES;
				CLANG_ENABLE_OBJC_ARC = YES;
				CLANG_WARN_BOOL_CONVERSION = YES;
				CLANG_WARN_CONSTANT_CONVERSION = YES;
				CLANG_WARN_DIRECT_OBJC_ISA_USAGE = YES_ERROR;
				CLANG_WARN_EMPTY_BODY = YES;
				CLANG_WARN_ENUM_CONVERSION = YES;
				CLANG_WARN_INT_CONVERSION = YES;
				CLANG_WARN_OBJC_ROOT_CLASS = YES_ERROR;
				CLANG_WARN_UNREACHABLE_CODE = YES;
				CLANG_WARN__DUPLICATE_METHOD_MATCH = YES;
				"CODE_SIGN_IDENTITY[sdk=iphoneos*]" = "iPhone Developer";
				COPY_PHASE_STRIP = YES;
				ENABLE_NS_ASSERTIONS = NO;
				ENABLE_STRICT_OBJC_MSGSEND = YES;
				GCC_C_LANGUAGE_STANDARD = gnu99;
				GCC_WARN_64_TO_32_BIT_CONVERSION = YES;
				GCC_WARN_ABOUT_RETURN_TYPE = YES_ERROR;
				GCC_WARN_UNDECLARED_SELECTOR = YES;
				GCC_WARN_UNINITIALIZED_AUTOS = YES_AGGRESSIVE;
				GCC_WARN_UNUSED_FUNCTION = YES;
				GCC_WARN_UNUSED_VARIABLE = YES;
				IPHONEOS_DEPLOYMENT_TARGET = 8.1;
				MTL_ENABLE_DEBUG_INFO = NO;
				SDKROOT = iphoneos;
				VALIDATE_PRODUCT = YES;
			};
			name = Release;
		};
		344CCCC51B5F571900E7168E /* Debug */ = {
			isa = XCBuildConfiguration;
			buildSettings = {
				ASSETCATALOG_COMPILER_APPICON_NAME = AppIcon;
				INFOPLIST_FILE = Playgrounds/Info.plist;
				LD_RUNPATH_SEARCH_PATHS = "$(inherited) @executable_path/Frameworks";
				PRODUCT_NAME = "$(TARGET_NAME)";
			};
			name = Debug;
		};
		344CCCC61B5F571900E7168E /* Release */ = {
			isa = XCBuildConfiguration;
			buildSettings = {
				ASSETCATALOG_COMPILER_APPICON_NAME = AppIcon;
				INFOPLIST_FILE = Playgrounds/Info.plist;
				LD_RUNPATH_SEARCH_PATHS = "$(inherited) @executable_path/Frameworks";
				PRODUCT_NAME = "$(TARGET_NAME)";
			};
			name = Release;
		};
		344CCCC81B5F571900E7168E /* Debug */ = {
			isa = XCBuildConfiguration;
			buildSettings = {
				BUNDLE_LOADER = "$(TEST_HOST)";
				FRAMEWORK_SEARCH_PATHS = (
					"$(SDKROOT)/Developer/Library/Frameworks",
					"$(inherited)",
				);
				GCC_PREPROCESSOR_DEFINITIONS = (
					"DEBUG=1",
					"$(inherited)",
				);
				INFOPLIST_FILE = PlaygroundsTests/Info.plist;
				LD_RUNPATH_SEARCH_PATHS = "$(inherited) @executable_path/Frameworks @loader_path/Frameworks";
				PRODUCT_NAME = "$(TARGET_NAME)";
				TEST_HOST = "$(BUILT_PRODUCTS_DIR)/Playgrounds.app/Playgrounds";
			};
			name = Debug;
		};
		344CCCC91B5F571900E7168E /* Release */ = {
			isa = XCBuildConfiguration;
			buildSettings = {
				BUNDLE_LOADER = "$(TEST_HOST)";
				FRAMEWORK_SEARCH_PATHS = (
					"$(SDKROOT)/Developer/Library/Frameworks",
					"$(inherited)",
				);
				INFOPLIST_FILE = PlaygroundsTests/Info.plist;
				LD_RUNPATH_SEARCH_PATHS = "$(inherited) @executable_path/Frameworks @loader_path/Frameworks";
				PRODUCT_NAME = "$(TARGET_NAME)";
				TEST_HOST = "$(BUILT_PRODUCTS_DIR)/Playgrounds.app/Playgrounds";
			};
			name = Release;
		};
/* End XCBuildConfiguration section */

/* Begin XCConfigurationList section */
		344CCCA01B5F571900E7168E /* Build configuration list for PBXProject "Playgrounds" */ = {
			isa = XCConfigurationList;
			buildConfigurations = (
				344CCCC21B5F571900E7168E /* Debug */,
				344CCCC31B5F571900E7168E /* Release */,
			);
			defaultConfigurationIsVisible = 0;
			defaultConfigurationName = Release;
		};
		344CCCC41B5F571900E7168E /* Build configuration list for PBXNativeTarget "Playgrounds" */ = {
			isa = XCConfigurationList;
			buildConfigurations = (
				344CCCC51B5F571900E7168E /* Debug */,
				344CCCC61B5F571900E7168E /* Release */,
			);
			defaultConfigurationIsVisible = 0;
		};
		344CCCC71B5F571900E7168E /* Build configuration list for PBXNativeTarget "PlaygroundsTests" */ = {
			isa = XCConfigurationList;
			buildConfigurations = (
				344CCCC81B5F571900E7168E /* Debug */,
				344CCCC91B5F571900E7168E /* Release */,
			);
			defaultConfigurationIsVisible = 0;
		};
/* End XCConfigurationList section */
	};
	rootObject = 344CCC9D1B5F571900E7168E /* Project object */;
}
