// !$*UTF8*$!
{
	archiveVersion = 1;
	classes = {
	};
	objectVersion = 46;
	objects = {

/* Begin PBXBuildFile section */
		34F8523F1B63FE640025F669 /* AppDelegate.swift in Sources */ = {isa = PBXBuildFile; fileRef = 34F8523E1B63FE640025F669 /* AppDelegate.swift */; };
		34F852411B63FE640025F669 /* ViewController.swift in Sources */ = {isa = PBXBuildFile; fileRef = 34F852401B63FE640025F669 /* ViewController.swift */; };
		34F852441B63FE640025F669 /* Main.storyboard in Resources */ = {isa = PBXBuildFile; fileRef = 34F852421B63FE640025F669 /* Main.storyboard */; };
		34F852461B63FE640025F669 /* Images.xcassets in Resources */ = {isa = PBXBuildFile; fileRef = 34F852451B63FE640025F669 /* Images.xcassets */; };
		34F852491B63FE640025F669 /* LaunchScreen.xib in Resources */ = {isa = PBXBuildFile; fileRef = 34F852471B63FE640025F669 /* LaunchScreen.xib */; };
		34F852551B63FE640025F669 /* Controlling_The_KeyboardTests.swift in Sources */ = {isa = PBXBuildFile; fileRef = 34F852541B63FE640025F669 /* Controlling_The_KeyboardTests.swift */; };
/* End PBXBuildFile section */

/* Begin PBXContainerItemProxy section */
		34F8524F1B63FE640025F669 /* PBXContainerItemProxy */ = {
			isa = PBXContainerItemProxy;
			containerPortal = 34F852311B63FE640025F669 /* Project object */;
			proxyType = 1;
			remoteGlobalIDString = 34F852381B63FE640025F669;
			remoteInfo = "Controlling The Keyboard";
		};
/* End PBXContainerItemProxy section */

/* Begin PBXFileReference section */
		34F852391B63FE640025F669 /* Controlling The Keyboard.app */ = {isa = PBXFileReference; explicitFileType = wrapper.application; includeInIndex = 0; path = "Controlling The Keyboard.app"; sourceTree = BUILT_PRODUCTS_DIR; };
		34F8523D1B63FE640025F669 /* Info.plist */ = {isa = PBXFileReference; lastKnownFileType = text.plist.xml; path = Info.plist; sourceTree = "<group>"; };
		34F8523E1B63FE640025F669 /* AppDelegate.swift */ = {isa = PBXFileReference; lastKnownFileType = sourcecode.swift; path = AppDelegate.swift; sourceTree = "<group>"; };
		34F852401B63FE640025F669 /* ViewController.swift */ = {isa = PBXFileReference; lastKnownFileType = sourcecode.swift; path = ViewController.swift; sourceTree = "<group>"; };
		34F852431B63FE640025F669 /* Base */ = {isa = PBXFileReference; lastKnownFileType = file.storyboard; name = Base; path = Base.lproj/Main.storyboard; sourceTree = "<group>"; };
		34F852451B63FE640025F669 /* Images.xcassets */ = {isa = PBXFileReference; lastKnownFileType = folder.assetcatalog; path = Images.xcassets; sourceTree = "<group>"; };
		34F852481B63FE640025F669 /* Base */ = {isa = PBXFileReference; lastKnownFileType = file.xib; name = Base; path = Base.lproj/LaunchScreen.xib; sourceTree = "<group>"; };
		34F8524E1B63FE640025F669 /* Controlling The KeyboardTests.xctest */ = {isa = PBXFileReference; explicitFileType = wrapper.cfbundle; includeInIndex = 0; path = "Controlling The KeyboardTests.xctest"; sourceTree = BUILT_PRODUCTS_DIR; };
		34F852531B63FE640025F669 /* Info.plist */ = {isa = PBXFileReference; lastKnownFileType = text.plist.xml; path = Info.plist; sourceTree = "<group>"; };
		34F852541B63FE640025F669 /* Controlling_The_KeyboardTests.swift */ = {isa = PBXFileReference; lastKnownFileType = sourcecode.swift; path = Controlling_The_KeyboardTests.swift; sourceTree = "<group>"; };
/* End PBXFileReference section */

/* Begin PBXFrameworksBuildPhase section */
		34F852361B63FE640025F669 /* Frameworks */ = {
			isa = PBXFrameworksBuildPhase;
			buildActionMask = 2147483647;
			files = (
			);
			runOnlyForDeploymentPostprocessing = 0;
		};
		34F8524B1B63FE640025F669 /* Frameworks */ = {
			isa = PBXFrameworksBuildPhase;
			buildActionMask = 2147483647;
			files = (
			);
			runOnlyForDeploymentPostprocessing = 0;
		};
/* End PBXFrameworksBuildPhase section */

/* Begin PBXGroup section */
		34F852301B63FE640025F669 = {
			isa = PBXGroup;
			children = (
				34F8523B1B63FE640025F669 /* Controlling The Keyboard */,
				34F852511B63FE640025F669 /* Controlling The KeyboardTests */,
				34F8523A1B63FE640025F669 /* Products */,
			);
			sourceTree = "<group>";
		};
		34F8523A1B63FE640025F669 /* Products */ = {
			isa = PBXGroup;
			children = (
				34F852391B63FE640025F669 /* Controlling The Keyboard.app */,
				34F8524E1B63FE640025F669 /* Controlling The KeyboardTests.xctest */,
			);
			name = Products;
			sourceTree = "<group>";
		};
		34F8523B1B63FE640025F669 /* Controlling The Keyboard */ = {
			isa = PBXGroup;
			children = (
				34F8523E1B63FE640025F669 /* AppDelegate.swift */,
				34F852401B63FE640025F669 /* ViewController.swift */,
				34F852421B63FE640025F669 /* Main.storyboard */,
				34F852451B63FE640025F669 /* Images.xcassets */,
				34F852471B63FE640025F669 /* LaunchScreen.xib */,
				34F8523C1B63FE640025F669 /* Supporting Files */,
			);
			path = "Controlling The Keyboard";
			sourceTree = "<group>";
		};
		34F8523C1B63FE640025F669 /* Supporting Files */ = {
			isa = PBXGroup;
			children = (
				34F8523D1B63FE640025F669 /* Info.plist */,
			);
			name = "Supporting Files";
			sourceTree = "<group>";
		};
		34F852511B63FE640025F669 /* Controlling The KeyboardTests */ = {
			isa = PBXGroup;
			children = (
				34F852541B63FE640025F669 /* Controlling_The_KeyboardTests.swift */,
				34F852521B63FE640025F669 /* Supporting Files */,
			);
			path = "Controlling The KeyboardTests";
			sourceTree = "<group>";
		};
		34F852521B63FE640025F669 /* Supporting Files */ = {
			isa = PBXGroup;
			children = (
				34F852531B63FE640025F669 /* Info.plist */,
			);
			name = "Supporting Files";
			sourceTree = "<group>";
		};
/* End PBXGroup section */

/* Begin PBXNativeTarget section */
		34F852381B63FE640025F669 /* Controlling The Keyboard */ = {
			isa = PBXNativeTarget;
			buildConfigurationList = 34F852581B63FE640025F669 /* Build configuration list for PBXNativeTarget "Controlling The Keyboard" */;
			buildPhases = (
				34F852351B63FE640025F669 /* Sources */,
				34F852361B63FE640025F669 /* Frameworks */,
				34F852371B63FE640025F669 /* Resources */,
			);
			buildRules = (
			);
			dependencies = (
			);
			name = "Controlling The Keyboard";
			productName = "Controlling The Keyboard";
			productReference = 34F852391B63FE640025F669 /* Controlling The Keyboard.app */;
			productType = "com.apple.product-type.application";
		};
		34F8524D1B63FE640025F669 /* Controlling The KeyboardTests */ = {
			isa = PBXNativeTarget;
			buildConfigurationList = 34F8525B1B63FE640025F669 /* Build configuration list for PBXNativeTarget "Controlling The KeyboardTests" */;
			buildPhases = (
				34F8524A1B63FE640025F669 /* Sources */,
				34F8524B1B63FE640025F669 /* Frameworks */,
				34F8524C1B63FE640025F669 /* Resources */,
			);
			buildRules = (
			);
			dependencies = (
				34F852501B63FE640025F669 /* PBXTargetDependency */,
			);
			name = "Controlling The KeyboardTests";
			productName = "Controlling The KeyboardTests";
			productReference = 34F8524E1B63FE640025F669 /* Controlling The KeyboardTests.xctest */;
			productType = "com.apple.product-type.bundle.unit-test";
		};
/* End PBXNativeTarget section */

/* Begin PBXProject section */
		34F852311B63FE640025F669 /* Project object */ = {
			isa = PBXProject;
			attributes = {
				LastUpgradeCheck = 0610;
				ORGANIZATIONNAME = iPari;
				TargetAttributes = {
					34F852381B63FE640025F669 = {
						CreatedOnToolsVersion = 6.1.1;
					};
					34F8524D1B63FE640025F669 = {
						CreatedOnToolsVersion = 6.1.1;
						TestTargetID = 34F852381B63FE640025F669;
					};
				};
			};
			buildConfigurationList = 34F852341B63FE640025F669 /* Build configuration list for PBXProject "Controlling The Keyboard" */;
			compatibilityVersion = "Xcode 3.2";
			developmentRegion = English;
			hasScannedForEncodings = 0;
			knownRegions = (
				en,
				Base,
			);
			mainGroup = 34F852301B63FE640025F669;
			productRefGroup = 34F8523A1B63FE640025F669 /* Products */;
			projectDirPath = "";
			projectRoot = "";
			targets = (
				34F852381B63FE640025F669 /* Controlling The Keyboard */,
				34F8524D1B63FE640025F669 /* Controlling The KeyboardTests */,
			);
		};
/* End PBXProject section */

/* Begin PBXResourcesBuildPhase section */
		34F852371B63FE640025F669 /* Resources */ = {
			isa = PBXResourcesBuildPhase;
			buildActionMask = 2147483647;
			files = (
				34F852441B63FE640025F669 /* Main.storyboard in Resources */,
				34F852491B63FE640025F669 /* LaunchScreen.xib in Resources */,
				34F852461B63FE640025F669 /* Images.xcassets in Resources */,
			);
			runOnlyForDeploymentPostprocessing = 0;
		};
		34F8524C1B63FE640025F669 /* Resources */ = {
			isa = PBXResourcesBuildPhase;
			buildActionMask = 2147483647;
			files = (
			);
			runOnlyForDeploymentPostprocessing = 0;
		};
/* End PBXResourcesBuildPhase section */

/* Begin PBXSourcesBuildPhase section */
		34F852351B63FE640025F669 /* Sources */ = {
			isa = PBXSourcesBuildPhase;
			buildActionMask = 2147483647;
			files = (
				34F852411B63FE640025F669 /* ViewController.swift in Sources */,
				34F8523F1B63FE640025F669 /* AppDelegate.swift in Sources */,
			);
			runOnlyForDeploymentPostprocessing = 0;
		};
		34F8524A1B63FE640025F669 /* Sources */ = {
			isa = PBXSourcesBuildPhase;
			buildActionMask = 2147483647;
			files = (
				34F852551B63FE640025F669 /* Controlling_The_KeyboardTests.swift in Sources */,
			);
			runOnlyForDeploymentPostprocessing = 0;
		};
/* End PBXSourcesBuildPhase section */

/* Begin PBXTargetDependency section */
		34F852501B63FE640025F669 /* PBXTargetDependency */ = {
			isa = PBXTargetDependency;
			target = 34F852381B63FE640025F669 /* Controlling The Keyboard */;
			targetProxy = 34F8524F1B63FE640025F669 /* PBXContainerItemProxy */;
		};
/* End PBXTargetDependency section */

/* Begin PBXVariantGroup section */
		34F852421B63FE640025F669 /* Main.storyboard */ = {
			isa = PBXVariantGroup;
			children = (
				34F852431B63FE640025F669 /* Base */,
			);
			name = Main.storyboard;
			sourceTree = "<group>";
		};
		34F852471B63FE640025F669 /* LaunchScreen.xib */ = {
			isa = PBXVariantGroup;
			children = (
				34F852481B63FE640025F669 /* Base */,
			);
			name = LaunchScreen.xib;
			sourceTree = "<group>";
		};
/* End PBXVariantGroup section */

/* Begin XCBuildConfiguration section */
		34F852561B63FE640025F669 /* Debug */ = {
			isa = XCBuildConfiguration;
			buildSettings = {
				ALWAYS_SEARCH_USER_PATHS = NO;
				CLANG_CXX_LANGUAGE_STANDARD = "gnu++0x";
				CLANG_CXX_LIBRARY = "libc++";
				CLANG_ENABLE_MODULES = YES;
				CLANG_ENABLE_OBJC_ARC = YES;
				CLANG_WARN_BOOL_CONVERSION = YES;
				CLANG_WARN_CONSTANT_CONVERSION = YES;
				CLANG_WARN_DIRECT_OBJC_ISA_USAGE = YES_ERROR;
				CLANG_WARN_EMPTY_BODY = YES;
				CLANG_WARN_ENUM_CONVERSION = YES;
				CLANG_WARN_INT_CONVERSION = YES;
				CLANG_WARN_OBJC_ROOT_CLASS = YES_ERROR;
				CLANG_WARN_UNREACHABLE_CODE = YES;
				CLANG_WARN__DUPLICATE_METHOD_MATCH = YES;
				"CODE_SIGN_IDENTITY[sdk=iphoneos*]" = "iPhone Developer";
				COPY_PHASE_STRIP = NO;
				ENABLE_STRICT_OBJC_MSGSEND = YES;
				GCC_C_LANGUAGE_STANDARD = gnu99;
				GCC_DYNAMIC_NO_PIC = NO;
				GCC_OPTIMIZATION_LEVEL = 0;
				GCC_PREPROCESSOR_DEFINITIONS = (
					"DEBUG=1",
					"$(inherited)",
				);
				GCC_SYMBOLS_PRIVATE_EXTERN = NO;
				GCC_WARN_64_TO_32_BIT_CONVERSION = YES;
				GCC_WARN_ABOUT_RETURN_TYPE = YES_ERROR;
				GCC_WARN_UNDECLARED_SELECTOR = YES;
				GCC_WARN_UNINITIALIZED_AUTOS = YES_AGGRESSIVE;
				GCC_WARN_UNUSED_FUNCTION = YES;
				GCC_WARN_UNUSED_VARIABLE = YES;
				IPHONEOS_DEPLOYMENT_TARGET = 8.1;
				MTL_ENABLE_DEBUG_INFO = YES;
				ONLY_ACTIVE_ARCH = YES;
				SDKROOT = iphoneos;
				SWIFT_OPTIMIZATION_LEVEL = "-Onone";
			};
			name = Debug;
		};
		34F852571B63FE640025F669 /* Release */ = {
			isa = XCBuildConfiguration;
			buildSettings = {
				ALWAYS_SEARCH_USER_PATHS = NO;
				CLANG_CXX_LANGUAGE_STANDARD = "gnu++0x";
				CLANG_CXX_LIBRARY = "libc++";
				CLANG_ENABLE_MODULES = YES;
				CLANG_ENABLE_OBJC_ARC = YES;
				CLANG_WARN_BOOL_CONVERSION = YES;
				CLANG_WARN_CONSTANT_CONVERSION = YES;
				CLANG_WARN_DIRECT_OBJC_ISA_USAGE = YES_ERROR;
				CLANG_WARN_EMPTY_BODY = YES;
				CLANG_WARN_ENUM_CONVERSION = YES;
				CLANG_WARN_INT_CONVERSION = YES;
				CLANG_WARN_OBJC_ROOT_CLASS = YES_ERROR;
				CLANG_WARN_UNREACHABLE_CODE = YES;
				CLANG_WARN__DUPLICATE_METHOD_MATCH = YES;
				"CODE_SIGN_IDENTITY[sdk=iphoneos*]" = "iPhone Developer";
				COPY_PHASE_STRIP = YES;
				ENABLE_NS_ASSERTIONS = NO;
				ENABLE_STRICT_OBJC_MSGSEND = YES;
				GCC_C_LANGUAGE_STANDARD = gnu99;
				GCC_WARN_64_TO_32_BIT_CONVERSION = YES;
				GCC_WARN_ABOUT_RETURN_TYPE = YES_ERROR;
				GCC_WARN_UNDECLARED_SELECTOR = YES;
				GCC_WARN_UNINITIALIZED_AUTOS = YES_AGGRESSIVE;
				GCC_WARN_UNUSED_FUNCTION = YES;
				GCC_WARN_UNUSED_VARIABLE = YES;
				IPHONEOS_DEPLOYMENT_TARGET = 8.1;
				MTL_ENABLE_DEBUG_INFO = NO;
				SDKROOT = iphoneos;
				VALIDATE_PRODUCT = YES;
			};
			name = Release;
		};
		34F852591B63FE640025F669 /* Debug */ = {
			isa = XCBuildConfiguration;
			buildSettings = {
				ASSETCATALOG_COMPILER_APPICON_NAME = AppIcon;
				INFOPLIST_FILE = "Controlling The Keyboard/Info.plist";
				LD_RUNPATH_SEARCH_PATHS = "$(inherited) @executable_path/Frameworks";
				PRODUCT_NAME = "$(TARGET_NAME)";
			};
			name = Debug;
		};
		34F8525A1B63FE640025F669 /* Release */ = {
			isa = XCBuildConfiguration;
			buildSettings = {
				ASSETCATALOG_COMPILER_APPICON_NAME = AppIcon;
				INFOPLIST_FILE = "Controlling The Keyboard/Info.plist";
				LD_RUNPATH_SEARCH_PATHS = "$(inherited) @executable_path/Frameworks";
				PRODUCT_NAME = "$(TARGET_NAME)";
			};
			name = Release;
		};
		34F8525C1B63FE640025F669 /* Debug */ = {
			isa = XCBuildConfiguration;
			buildSettings = {
				BUNDLE_LOADER = "$(TEST_HOST)";
				FRAMEWORK_SEARCH_PATHS = (
					"$(SDKROOT)/Developer/Library/Frameworks",
					"$(inherited)",
				);
				GCC_PREPROCESSOR_DEFINITIONS = (
					"DEBUG=1",
					"$(inherited)",
				);
				INFOPLIST_FILE = "Controlling The KeyboardTests/Info.plist";
				LD_RUNPATH_SEARCH_PATHS = "$(inherited) @executable_path/Frameworks @loader_path/Frameworks";
				PRODUCT_NAME = "$(TARGET_NAME)";
				TEST_HOST = "$(BUILT_PRODUCTS_DIR)/Controlling The Keyboard.app/Controlling The Keyboard";
			};
			name = Debug;
		};
		34F8525D1B63FE640025F669 /* Release */ = {
			isa = XCBuildConfiguration;
			buildSettings = {
				BUNDLE_LOADER = "$(TEST_HOST)";
				FRAMEWORK_SEARCH_PATHS = (
					"$(SDKROOT)/Developer/Library/Frameworks",
					"$(inherited)",
				);
				INFOPLIST_FILE = "Controlling The KeyboardTests/Info.plist";
				LD_RUNPATH_SEARCH_PATHS = "$(inherited) @executable_path/Frameworks @loader_path/Frameworks";
				PRODUCT_NAME = "$(TARGET_NAME)";
				TEST_HOST = "$(BUILT_PRODUCTS_DIR)/Controlling The Keyboard.app/Controlling The Keyboard";
			};
			name = Release;
		};
/* End XCBuildConfiguration section */

/* Begin XCConfigurationList section */
		34F852341B63FE640025F669 /* Build configuration list for PBXProject "Controlling The Keyboard" */ = {
			isa = XCConfigurationList;
			buildConfigurations = (
				34F852561B63FE640025F669 /* Debug */,
				34F852571B63FE640025F669 /* Release */,
			);
			defaultConfigurationIsVisible = 0;
			defaultConfigurationName = Release;
		};
		34F852581B63FE640025F669 /* Build configuration list for PBXNativeTarget "Controlling The Keyboard" */ = {
			isa = XCConfigurationList;
			buildConfigurations = (
				34F852591B63FE640025F669 /* Debug */,
				34F8525A1B63FE640025F669 /* Release */,
			);
			defaultConfigurationIsVisible = 0;
		};
		34F8525B1B63FE640025F669 /* Build configuration list for PBXNativeTarget "Controlling The KeyboardTests" */ = {
			isa = XCConfigurationList;
			buildConfigurations = (
				34F8525C1B63FE640025F669 /* Debug */,
				34F8525D1B63FE640025F669 /* Release */,
			);
			defaultConfigurationIsVisible = 0;
		};
/* End XCConfigurationList section */
	};
	rootObject = 34F852311B63FE640025F669 /* Project object */;
}
