// !$*UTF8*$!
{
	archiveVersion = 1;
	classes = {
	};
	objectVersion = 46;
	objects = {

/* Begin PBXBuildFile section */
		34AADA621B613E2B00D33707 /* AppDelegate.swift in Sources */ = {isa = PBXBuildFile; fileRef = 34AADA611B613E2B00D33707 /* AppDelegate.swift */; };
		34AADA641B613E2B00D33707 /* ViewController.swift in Sources */ = {isa = PBXBuildFile; fileRef = 34AADA631B613E2B00D33707 /* ViewController.swift */; };
		34AADA671B613E2B00D33707 /* Main.storyboard in Resources */ = {isa = PBXBuildFile; fileRef = 34AADA651B613E2B00D33707 /* Main.storyboard */; };
		34AADA691B613E2B00D33707 /* Images.xcassets in Resources */ = {isa = PBXBuildFile; fileRef = 34AADA681B613E2B00D33707 /* Images.xcassets */; };
		34AADA6C1B613E2B00D33707 /* LaunchScreen.xib in Resources */ = {isa = PBXBuildFile; fileRef = 34AADA6A1B613E2B00D33707 /* LaunchScreen.xib */; };
		34AADA781B613E2B00D33707 /* StopwatchTests.swift in Sources */ = {isa = PBXBuildFile; fileRef = 34AADA771B613E2B00D33707 /* StopwatchTests.swift */; };
/* End PBXBuildFile section */

/* Begin PBXContainerItemProxy section */
		34AADA721B613E2B00D33707 /* PBXContainerItemProxy */ = {
			isa = PBXContainerItemProxy;
			containerPortal = 34AADA541B613E2B00D33707 /* Project object */;
			proxyType = 1;
			remoteGlobalIDString = 34AADA5B1B613E2B00D33707;
			remoteInfo = Stopwatch;
		};
/* End PBXContainerItemProxy section */

/* Begin PBXFileReference section */
		34AADA5C1B613E2B00D33707 /* Stopwatch.app */ = {isa = PBXFileReference; explicitFileType = wrapper.application; includeInIndex = 0; path = Stopwatch.app; sourceTree = BUILT_PRODUCTS_DIR; };
		34AADA601B613E2B00D33707 /* Info.plist */ = {isa = PBXFileReference; lastKnownFileType = text.plist.xml; path = Info.plist; sourceTree = "<group>"; };
		34AADA611B613E2B00D33707 /* AppDelegate.swift */ = {isa = PBXFileReference; lastKnownFileType = sourcecode.swift; path = AppDelegate.swift; sourceTree = "<group>"; };
		34AADA631B613E2B00D33707 /* ViewController.swift */ = {isa = PBXFileReference; lastKnownFileType = sourcecode.swift; path = ViewController.swift; sourceTree = "<group>"; };
		34AADA661B613E2B00D33707 /* Base */ = {isa = PBXFileReference; lastKnownFileType = file.storyboard; name = Base; path = Base.lproj/Main.storyboard; sourceTree = "<group>"; };
		34AADA681B613E2B00D33707 /* Images.xcassets */ = {isa = PBXFileReference; lastKnownFileType = folder.assetcatalog; path = Images.xcassets; sourceTree = "<group>"; };
		34AADA6B1B613E2B00D33707 /* Base */ = {isa = PBXFileReference; lastKnownFileType = file.xib; name = Base; path = Base.lproj/LaunchScreen.xib; sourceTree = "<group>"; };
		34AADA711B613E2B00D33707 /* StopwatchTests.xctest */ = {isa = PBXFileReference; explicitFileType = wrapper.cfbundle; includeInIndex = 0; path = StopwatchTests.xctest; sourceTree = BUILT_PRODUCTS_DIR; };
		34AADA761B613E2B00D33707 /* Info.plist */ = {isa = PBXFileReference; lastKnownFileType = text.plist.xml; path = Info.plist; sourceTree = "<group>"; };
		34AADA771B613E2B00D33707 /* StopwatchTests.swift */ = {isa = PBXFileReference; lastKnownFileType = sourcecode.swift; path = StopwatchTests.swift; sourceTree = "<group>"; };
/* End PBXFileReference section */

/* Begin PBXFrameworksBuildPhase section */
		34AADA591B613E2B00D33707 /* Frameworks */ = {
			isa = PBXFrameworksBuildPhase;
			buildActionMask = 2147483647;
			files = (
			);
			runOnlyForDeploymentPostprocessing = 0;
		};
		34AADA6E1B613E2B00D33707 /* Frameworks */ = {
			isa = PBXFrameworksBuildPhase;
			buildActionMask = 2147483647;
			files = (
			);
			runOnlyForDeploymentPostprocessing = 0;
		};
/* End PBXFrameworksBuildPhase section */

/* Begin PBXGroup section */
		34AADA531B613E2B00D33707 = {
			isa = PBXGroup;
			children = (
				34AADA5E1B613E2B00D33707 /* Stopwatch */,
				34AADA741B613E2B00D33707 /* StopwatchTests */,
				34AADA5D1B613E2B00D33707 /* Products */,
			);
			sourceTree = "<group>";
		};
		34AADA5D1B613E2B00D33707 /* Products */ = {
			isa = PBXGroup;
			children = (
				34AADA5C1B613E2B00D33707 /* Stopwatch.app */,
				34AADA711B613E2B00D33707 /* StopwatchTests.xctest */,
			);
			name = Products;
			sourceTree = "<group>";
		};
		34AADA5E1B613E2B00D33707 /* Stopwatch */ = {
			isa = PBXGroup;
			children = (
				34AADA611B613E2B00D33707 /* AppDelegate.swift */,
				34AADA631B613E2B00D33707 /* ViewController.swift */,
				34AADA651B613E2B00D33707 /* Main.storyboard */,
				34AADA681B613E2B00D33707 /* Images.xcassets */,
				34AADA6A1B613E2B00D33707 /* LaunchScreen.xib */,
				34AADA5F1B613E2B00D33707 /* Supporting Files */,
			);
			path = Stopwatch;
			sourceTree = "<group>";
		};
		34AADA5F1B613E2B00D33707 /* Supporting Files */ = {
			isa = PBXGroup;
			children = (
				34AADA601B613E2B00D33707 /* Info.plist */,
			);
			name = "Supporting Files";
			sourceTree = "<group>";
		};
		34AADA741B613E2B00D33707 /* StopwatchTests */ = {
			isa = PBXGroup;
			children = (
				34AADA771B613E2B00D33707 /* StopwatchTests.swift */,
				34AADA751B613E2B00D33707 /* Supporting Files */,
			);
			path = StopwatchTests;
			sourceTree = "<group>";
		};
		34AADA751B613E2B00D33707 /* Supporting Files */ = {
			isa = PBXGroup;
			children = (
				34AADA761B613E2B00D33707 /* Info.plist */,
			);
			name = "Supporting Files";
			sourceTree = "<group>";
		};
/* End PBXGroup section */

/* Begin PBXNativeTarget section */
		34AADA5B1B613E2B00D33707 /* Stopwatch */ = {
			isa = PBXNativeTarget;
			buildConfigurationList = 34AADA7B1B613E2B00D33707 /* Build configuration list for PBXNativeTarget "Stopwatch" */;
			buildPhases = (
				34AADA581B613E2B00D33707 /* Sources */,
				34AADA591B613E2B00D33707 /* Frameworks */,
				34AADA5A1B613E2B00D33707 /* Resources */,
			);
			buildRules = (
			);
			dependencies = (
			);
			name = Stopwatch;
			productName = Stopwatch;
			productReference = 34AADA5C1B613E2B00D33707 /* Stopwatch.app */;
			productType = "com.apple.product-type.application";
		};
		34AADA701B613E2B00D33707 /* StopwatchTests */ = {
			isa = PBXNativeTarget;
			buildConfigurationList = 34AADA7E1B613E2B00D33707 /* Build configuration list for PBXNativeTarget "StopwatchTests" */;
			buildPhases = (
				34AADA6D1B613E2B00D33707 /* Sources */,
				34AADA6E1B613E2B00D33707 /* Frameworks */,
				34AADA6F1B613E2B00D33707 /* Resources */,
			);
			buildRules = (
			);
			dependencies = (
				34AADA731B613E2B00D33707 /* PBXTargetDependency */,
			);
			name = StopwatchTests;
			productName = StopwatchTests;
			productReference = 34AADA711B613E2B00D33707 /* StopwatchTests.xctest */;
			productType = "com.apple.product-type.bundle.unit-test";
		};
/* End PBXNativeTarget section */

/* Begin PBXProject section */
		34AADA541B613E2B00D33707 /* Project object */ = {
			isa = PBXProject;
			attributes = {
				LastUpgradeCheck = 0610;
				ORGANIZATIONNAME = iPari;
				TargetAttributes = {
					34AADA5B1B613E2B00D33707 = {
						CreatedOnToolsVersion = 6.1.1;
					};
					34AADA701B613E2B00D33707 = {
						CreatedOnToolsVersion = 6.1.1;
						TestTargetID = 34AADA5B1B613E2B00D33707;
					};
				};
			};
			buildConfigurationList = 34AADA571B613E2B00D33707 /* Build configuration list for PBXProject "Stopwatch" */;
			compatibilityVersion = "Xcode 3.2";
			developmentRegion = English;
			hasScannedForEncodings = 0;
			knownRegions = (
				en,
				Base,
			);
			mainGroup = 34AADA531B613E2B00D33707;
			productRefGroup = 34AADA5D1B613E2B00D33707 /* Products */;
			projectDirPath = "";
			projectRoot = "";
			targets = (
				34AADA5B1B613E2B00D33707 /* Stopwatch */,
				34AADA701B613E2B00D33707 /* StopwatchTests */,
			);
		};
/* End PBXProject section */

/* Begin PBXResourcesBuildPhase section */
		34AADA5A1B613E2B00D33707 /* Resources */ = {
			isa = PBXResourcesBuildPhase;
			buildActionMask = 2147483647;
			files = (
				34AADA671B613E2B00D33707 /* Main.storyboard in Resources */,
				34AADA6C1B613E2B00D33707 /* LaunchScreen.xib in Resources */,
				34AADA691B613E2B00D33707 /* Images.xcassets in Resources */,
			);
			runOnlyForDeploymentPostprocessing = 0;
		};
		34AADA6F1B613E2B00D33707 /* Resources */ = {
			isa = PBXResourcesBuildPhase;
			buildActionMask = 2147483647;
			files = (
			);
			runOnlyForDeploymentPostprocessing = 0;
		};
/* End PBXResourcesBuildPhase section */

/* Begin PBXSourcesBuildPhase section */
		34AADA581B613E2B00D33707 /* Sources */ = {
			isa = PBXSourcesBuildPhase;
			buildActionMask = 2147483647;
			files = (
				34AADA641B613E2B00D33707 /* ViewController.swift in Sources */,
				34AADA621B613E2B00D33707 /* AppDelegate.swift in Sources */,
			);
			runOnlyForDeploymentPostprocessing = 0;
		};
		34AADA6D1B613E2B00D33707 /* Sources */ = {
			isa = PBXSourcesBuildPhase;
			buildActionMask = 2147483647;
			files = (
				34AADA781B613E2B00D33707 /* StopwatchTests.swift in Sources */,
			);
			runOnlyForDeploymentPostprocessing = 0;
		};
/* End PBXSourcesBuildPhase section */

/* Begin PBXTargetDependency section */
		34AADA731B613E2B00D33707 /* PBXTargetDependency */ = {
			isa = PBXTargetDependency;
			target = 34AADA5B1B613E2B00D33707 /* Stopwatch */;
			targetProxy = 34AADA721B613E2B00D33707 /* PBXContainerItemProxy */;
		};
/* End PBXTargetDependency section */

/* Begin PBXVariantGroup section */
		34AADA651B613E2B00D33707 /* Main.storyboard */ = {
			isa = PBXVariantGroup;
			children = (
				34AADA661B613E2B00D33707 /* Base */,
			);
			name = Main.storyboard;
			sourceTree = "<group>";
		};
		34AADA6A1B613E2B00D33707 /* LaunchScreen.xib */ = {
			isa = PBXVariantGroup;
			children = (
				34AADA6B1B613E2B00D33707 /* Base */,
			);
			name = LaunchScreen.xib;
			sourceTree = "<group>";
		};
/* End PBXVariantGroup section */

/* Begin XCBuildConfiguration section */
		34AADA791B613E2B00D33707 /* Debug */ = {
			isa = XCBuildConfiguration;
			buildSettings = {
				ALWAYS_SEARCH_USER_PATHS = NO;
				CLANG_CXX_LANGUAGE_STANDARD = "gnu++0x";
				CLANG_CXX_LIBRARY = "libc++";
				CLANG_ENABLE_MODULES = YES;
				CLANG_ENABLE_OBJC_ARC = YES;
				CLANG_WARN_BOOL_CONVERSION = YES;
				CLANG_WARN_CONSTANT_CONVERSION = YES;
				CLANG_WARN_DIRECT_OBJC_ISA_USAGE = YES_ERROR;
				CLANG_WARN_EMPTY_BODY = YES;
				CLANG_WARN_ENUM_CONVERSION = YES;
				CLANG_WARN_INT_CONVERSION = YES;
				CLANG_WARN_OBJC_ROOT_CLASS = YES_ERROR;
				CLANG_WARN_UNREACHABLE_CODE = YES;
				CLANG_WARN__DUPLICATE_METHOD_MATCH = YES;
				"CODE_SIGN_IDENTITY[sdk=iphoneos*]" = "iPhone Developer";
				COPY_PHASE_STRIP = NO;
				ENABLE_STRICT_OBJC_MSGSEND = YES;
				GCC_C_LANGUAGE_STANDARD = gnu99;
				GCC_DYNAMIC_NO_PIC = NO;
				GCC_OPTIMIZATION_LEVEL = 0;
				GCC_PREPROCESSOR_DEFINITIONS = (
					"DEBUG=1",
					"$(inherited)",
				);
				GCC_SYMBOLS_PRIVATE_EXTERN = NO;
				GCC_WARN_64_TO_32_BIT_CONVERSION = YES;
				GCC_WARN_ABOUT_RETURN_TYPE = YES_ERROR;
				GCC_WARN_UNDECLARED_SELECTOR = YES;
				GCC_WARN_UNINITIALIZED_AUTOS = YES_AGGRESSIVE;
				GCC_WARN_UNUSED_FUNCTION = YES;
				GCC_WARN_UNUSED_VARIABLE = YES;
				IPHONEOS_DEPLOYMENT_TARGET = 8.1;
				MTL_ENABLE_DEBUG_INFO = YES;
				ONLY_ACTIVE_ARCH = YES;
				SDKROOT = iphoneos;
				SWIFT_OPTIMIZATION_LEVEL = "-Onone";
			};
			name = Debug;
		};
		34AADA7A1B613E2B00D33707 /* Release */ = {
			isa = XCBuildConfiguration;
			buildSettings = {
				ALWAYS_SEARCH_USER_PATHS = NO;
				CLANG_CXX_LANGUAGE_STANDARD = "gnu++0x";
				CLANG_CXX_LIBRARY = "libc++";
				CLANG_ENABLE_MODULES = YES;
				CLANG_ENABLE_OBJC_ARC = YES;
				CLANG_WARN_BOOL_CONVERSION = YES;
				CLANG_WARN_CONSTANT_CONVERSION = YES;
				CLANG_WARN_DIRECT_OBJC_ISA_USAGE = YES_ERROR;
				CLANG_WARN_EMPTY_BODY = YES;
				CLANG_WARN_ENUM_CONVERSION = YES;
				CLANG_WARN_INT_CONVERSION = YES;
				CLANG_WARN_OBJC_ROOT_CLASS = YES_ERROR;
				CLANG_WARN_UNREACHABLE_CODE = YES;
				CLANG_WARN__DUPLICATE_METHOD_MATCH = YES;
				"CODE_SIGN_IDENTITY[sdk=iphoneos*]" = "iPhone Developer";
				COPY_PHASE_STRIP = YES;
				ENABLE_NS_ASSERTIONS = NO;
				ENABLE_STRICT_OBJC_MSGSEND = YES;
				GCC_C_LANGUAGE_STANDARD = gnu99;
				GCC_WARN_64_TO_32_BIT_CONVERSION = YES;
				GCC_WARN_ABOUT_RETURN_TYPE = YES_ERROR;
				GCC_WARN_UNDECLARED_SELECTOR = YES;
				GCC_WARN_UNINITIALIZED_AUTOS = YES_AGGRESSIVE;
				GCC_WARN_UNUSED_FUNCTION = YES;
				GCC_WARN_UNUSED_VARIABLE = YES;
				IPHONEOS_DEPLOYMENT_TARGET = 8.1;
				MTL_ENABLE_DEBUG_INFO = NO;
				SDKROOT = iphoneos;
				VALIDATE_PRODUCT = YES;
			};
			name = Release;
		};
		34AADA7C1B613E2B00D33707 /* Debug */ = {
			isa = XCBuildConfiguration;
			buildSettings = {
				ASSETCATALOG_COMPILER_APPICON_NAME = AppIcon;
				INFOPLIST_FILE = Stopwatch/Info.plist;
				LD_RUNPATH_SEARCH_PATHS = "$(inherited) @executable_path/Frameworks";
				PRODUCT_NAME = "$(TARGET_NAME)";
			};
			name = Debug;
		};
		34AADA7D1B613E2B00D33707 /* Release */ = {
			isa = XCBuildConfiguration;
			buildSettings = {
				ASSETCATALOG_COMPILER_APPICON_NAME = AppIcon;
				INFOPLIST_FILE = Stopwatch/Info.plist;
				LD_RUNPATH_SEARCH_PATHS = "$(inherited) @executable_path/Frameworks";
				PRODUCT_NAME = "$(TARGET_NAME)";
			};
			name = Release;
		};
		34AADA7F1B613E2B00D33707 /* Debug */ = {
			isa = XCBuildConfiguration;
			buildSettings = {
				BUNDLE_LOADER = "$(TEST_HOST)";
				FRAMEWORK_SEARCH_PATHS = (
					"$(SDKROOT)/Developer/Library/Frameworks",
					"$(inherited)",
				);
				GCC_PREPROCESSOR_DEFINITIONS = (
					"DEBUG=1",
					"$(inherited)",
				);
				INFOPLIST_FILE = StopwatchTests/Info.plist;
				LD_RUNPATH_SEARCH_PATHS = "$(inherited) @executable_path/Frameworks @loader_path/Frameworks";
				PRODUCT_NAME = "$(TARGET_NAME)";
				TEST_HOST = "$(BUILT_PRODUCTS_DIR)/Stopwatch.app/Stopwatch";
			};
			name = Debug;
		};
		34AADA801B613E2B00D33707 /* Release */ = {
			isa = XCBuildConfiguration;
			buildSettings = {
				BUNDLE_LOADER = "$(TEST_HOST)";
				FRAMEWORK_SEARCH_PATHS = (
					"$(SDKROOT)/Developer/Library/Frameworks",
					"$(inherited)",
				);
				INFOPLIST_FILE = StopwatchTests/Info.plist;
				LD_RUNPATH_SEARCH_PATHS = "$(inherited) @executable_path/Frameworks @loader_path/Frameworks";
				PRODUCT_NAME = "$(TARGET_NAME)";
				TEST_HOST = "$(BUILT_PRODUCTS_DIR)/Stopwatch.app/Stopwatch";
			};
			name = Release;
		};
/* End XCBuildConfiguration section */

/* Begin XCConfigurationList section */
		34AADA571B613E2B00D33707 /* Build configuration list for PBXProject "Stopwatch" */ = {
			isa = XCConfigurationList;
			buildConfigurations = (
				34AADA791B613E2B00D33707 /* Debug */,
				34AADA7A1B613E2B00D33707 /* Release */,
			);
			defaultConfigurationIsVisible = 0;
			defaultConfigurationName = Release;
		};
		34AADA7B1B613E2B00D33707 /* Build configuration list for PBXNativeTarget "Stopwatch" */ = {
			isa = XCConfigurationList;
			buildConfigurations = (
				34AADA7C1B613E2B00D33707 /* Debug */,
				34AADA7D1B613E2B00D33707 /* Release */,
			);
			defaultConfigurationIsVisible = 0;
		};
		34AADA7E1B613E2B00D33707 /* Build configuration list for PBXNativeTarget "StopwatchTests" */ = {
			isa = XCConfigurationList;
			buildConfigurations = (
				34AADA7F1B613E2B00D33707 /* Debug */,
				34AADA801B613E2B00D33707 /* Release */,
			);
			defaultConfigurationIsVisible = 0;
		};
/* End XCConfigurationList section */
	};
	rootObject = 34AADA541B613E2B00D33707 /* Project object */;
}
